{
    "_meta": {
        "hash": {
            "sha256": "3fd872d034aeac715860edc792230f541ceb5ea524d09c666f1f5b58075d896a"
        },
        "pipfile-spec": 6,
        "requires": {
            "python_version": "3.12"
        },
        "sources": [
            {
                "name": "pypi",
                "url": "https://pypi.org/simple",
                "verify_ssl": true
            }
        ]
    },
    "default": {
        "click": {
            "hashes": [
                "sha256:ae74fb96c20a0277a1d615f1e4d73c8414f5a98db8b799a7931d1582f3390c28",
                "sha256:ca9853ad459e787e2192211578cc907e7594e294c7ccc834310722b41b9ca6de"
            ],
            "markers": "python_version >= '3.7'",
            "version": "==8.1.7"
        },
        "coverage": {
            "extras": [
                "toml"
            ],
            "hashes": [
                "sha256:0266b62cbea568bd5e93a4da364d05de422110cbed5056d69339bd5af5685433",
                "sha256:0573f5cbf39114270842d01872952d301027d2d6e2d84013f30966313cadb529",
                "sha256:0ddcb70b3a3a57581b450571b31cb774f23eb9519c2aaa6176d3a84c9fc57671",
                "sha256:108bb458827765d538abcbf8288599fee07d2743357bdd9b9dad456c287e121e",
                "sha256:14045b8bfd5909196a90da145a37f9d335a5d988a83db34e80f41e965fb7cb42",
                "sha256:1a5407a75ca4abc20d6252efeb238377a71ce7bda849c26c7a9bece8680a5d99",
                "sha256:2bc3e45c16564cc72de09e37413262b9f99167803e5e48c6156bccdfb22c8327",
                "sha256:2d608a7808793e3615e54e9267519351c3ae204a6d85764d8337bd95993581a8",
                "sha256:34d23e28ccb26236718a3a78ba72744212aa383141961dd6825f6595005c8b06",
                "sha256:37a15573f988b67f7348916077c6d8ad43adb75e478d0910957394df397d2874",
                "sha256:3c0317288f032221d35fa4cbc35d9f4923ff0dfd176c79c9b356e8ef8ef2dff4",
                "sha256:3c42ec2c522e3ddd683dec5cdce8e62817afb648caedad9da725001fa530d354",
                "sha256:3c6b24007c4bcd0b19fac25763a7cac5035c735ae017e9a349b927cfc88f31c1",
                "sha256:40cca284c7c310d622a1677f105e8507441d1bb7c226f41978ba7c86979609ab",
                "sha256:46f21663e358beae6b368429ffadf14ed0a329996248a847a4322fb2e35d64d3",
                "sha256:49ed5ee4109258973630c1f9d099c7e72c5c36605029f3a91fe9982c6076c82b",
                "sha256:5c95e0fa3d1547cb6f021ab72f5c23402da2358beec0a8e6d19a368bd7b0fb37",
                "sha256:5dd4e4a49d9c72a38d18d641135d2fb0bdf7b726ca60a103836b3d00a1182acd",
                "sha256:5e444b8e88339a2a67ce07d41faabb1d60d1004820cee5a2c2b54e2d8e429a0f",
                "sha256:60dcf7605c50ea72a14490d0756daffef77a5be15ed1b9fea468b1c7bda1bc3b",
                "sha256:623e6965dcf4e28a3debaa6fcf4b99ee06d27218f46d43befe4db1c70841551c",
                "sha256:673184b3156cba06154825f25af33baa2671ddae6343f23175764e65a8c4c30b",
                "sha256:6cf96ceaa275f071f1bea3067f8fd43bec184a25a962c754024c973af871e1b7",
                "sha256:70a56a2ec1869e6e9fa69ef6b76b1a8a7ef709972b9cc473f9ce9d26b5997ce3",
                "sha256:77256ad2345c29fe59ae861aa11cfc74579c88d4e8dbf121cbe46b8e32aec808",
                "sha256:796c9b107d11d2d69e1849b2dfe41730134b526a49d3acb98ca02f4985eeff7a",
                "sha256:7c07de0d2a110f02af30883cd7dddbe704887617d5c27cf373362667445a4c76",
                "sha256:7e61b0e77ff4dddebb35a0e8bb5a68bf0f8b872407d8d9f0c726b65dfabe2469",
                "sha256:82c809a62e953867cf57e0548c2b8464207f5f3a6ff0e1e961683e79b89f2c55",
                "sha256:850cfd2d6fc26f8346f422920ac204e1d28814e32e3a58c19c91980fa74d8289",
                "sha256:87ea64b9fa52bf395272e54020537990a28078478167ade6c61da7ac04dc14bc",
                "sha256:90746521206c88bdb305a4bf3342b1b7316ab80f804d40c536fc7d329301ee13",
                "sha256:951aade8297358f3618a6e0660dc74f6b52233c42089d28525749fc8267dccd2",
                "sha256:963e4a08cbb0af6623e61492c0ec4c0ec5c5cf74db5f6564f98248d27ee57d30",
                "sha256:987a8e3da7da4eed10a20491cf790589a8e5e07656b6dc22d3814c4d88faf163",
                "sha256:9c2eb378bebb2c8f65befcb5147877fc1c9fbc640fc0aad3add759b5df79d55d",
                "sha256:a1ab9763d291a17b527ac6fd11d1a9a9c358280adb320e9c2672a97af346ac2c",
                "sha256:a3b925300484a3294d1c70f6b2b810d6526f2929de954e5b6be2bf8caa1f12c1",
                "sha256:acbb8af78f8f91b3b51f58f288c0994ba63c646bc1a8a22ad072e4e7e0a49f1c",
                "sha256:ad32a981bcdedb8d2ace03b05e4fd8dace8901eec64a532b00b15217d3677dd2",
                "sha256:aee9cf6b0134d6f932d219ce253ef0e624f4fa588ee64830fcba193269e4daa3",
                "sha256:af05bbba896c4472a29408455fe31b3797b4d8648ed0a2ccac03e074a77e2314",
                "sha256:b6cce5c76985f81da3769c52203ee94722cd5d5889731cd70d31fee939b74bf0",
                "sha256:bb684694e99d0b791a43e9fc0fa58efc15ec357ac48d25b619f207c41f2fd384",
                "sha256:c132b5a22821f9b143f87446805e13580b67c670a548b96da945a8f6b4f2efbb",
                "sha256:c296263093f099da4f51b3dff1eff5d4959b527d4f2f419e16508c5da9e15e8c",
                "sha256:c973b2fe4dc445cb865ab369df7521df9c27bf40715c837a113edaa2aa9faf45",
                "sha256:cdd94501d65adc5c24f8a1a0eda110452ba62b3f4aeaba01e021c1ed9cb8f34a",
                "sha256:d79d4826e41441c9a118ff045e4bccb9fdbdcb1d02413e7ea6eb5c87b5439d24",
                "sha256:dbba8210f5067398b2c4d96b4e64d8fb943644d5eb70be0d989067c8ca40c0f8",
                "sha256:df002e59f2d29e889c37abd0b9ee0d0e6e38c24f5f55d71ff0e09e3412a340ec",
                "sha256:dfd14bcae0c94004baba5184d1c935ae0d1231b8409eb6c103a5fd75e8ecdc56",
                "sha256:e25bacb53a8c7325e34d45dddd2f2fbae0dbc230d0e2642e264a64e17322a777",
                "sha256:e2c8e3384c12dfa19fa9a52f23eb091a8fad93b5b81a41b14c17c78e23dd1d8b",
                "sha256:e5f2a0f161d126ccc7038f1f3029184dbdf8f018230af17ef6fd6a707a5b881f",
                "sha256:e69ad502f1a2243f739f5bd60565d14a278be58be4c137d90799f2c263e7049a",
                "sha256:ead9b9605c54d15be228687552916c89c9683c215370c4a44f1f217d2adcc34d",
                "sha256:f07ff574986bc3edb80e2c36391678a271d555f91fd1d332a1e0f4b5ea4b6ea9",
                "sha256:f2c7a045eef561e9544359a0bf5784b44e55cefc7261a20e730baa9220c83413",
                "sha256:f3e8796434a8106b3ac025fd15417315d7a58ee3e600ad4dbcfddc3f4b14342c",
                "sha256:f63e21ed474edd23f7501f89b53280014436e383a14b9bd77a648366c81dce7b",
                "sha256:fd49c01e5057a451c30c9b892948976f5d38f2cbd04dc556a82743ba8e27ed8c"
            ],
            "index": "pypi",
            "markers": "python_version >= '3.9'",
            "version": "==7.6.7"
        },
        "distlib": {
            "hashes": [
                "sha256:47f8c22fd27c27e25a65601af709b38e4f0a45ea4fc2e710f65755fa8caaaf87",
                "sha256:a60f20dea646b8a33f3e7772f74dc0b2d0772d2837ee1342a00645c81edf9403"
            ],
            "index": "pypi",
            "version": "==0.3.9"
        },
        "filelock": {
            "hashes": [
                "sha256:2082e5703d51fbf98ea75855d9d5527e33d8ff23099bec374a134febee6946b0",
                "sha256:c249fbfcd5db47e5e2d6d62198e565475ee65e4831e2561c8e313fa7eb961435"
            ],
            "index": "pypi",
            "markers": "python_version >= '3.8'",
            "version": "==3.16.1"
        },
        "iniconfig": {
            "hashes": [
                "sha256:2d91e135bf72d31a410b17c16da610a82cb55f6b0477d1a902134b24a455b8b3",
                "sha256:b6a85871a79d2e3b22d2d1b94ac2824226a63c6b741c88f7ae975f18b6778374"
            ],
            "markers": "python_version >= '3.7'",
            "version": "==2.0.0"
        },
        "junit-xml": {
            "hashes": [
                "sha256:602f1c480a19d64edb452bf7632f76b5f2cb92c1938c6e071dcda8ff9541dc21"
            ],
            "version": "==1.8"
        },
        "linkify-it-py": {
            "hashes": [
                "sha256:68cda27e162e9215c17d786649d1da0021a451bdc436ef9e0fa0ba5234b9b048",
                "sha256:6bcbc417b0ac14323382aef5c5192c0075bf8a9d6b41820a2b66371eac6b6d79"
            ],
            "version": "==2.0.3"
        },
        "markdown-it-py": {
            "extras": [
                "linkify",
                "plugins"
            ],
            "hashes": [
                "sha256:355216845c60bd96232cd8d8c40e8f9765cc86f46880e43a8fd22dc1a1a8cab1",
                "sha256:e3f60a94fa066dc52ec76661e37c851cb232d92f9886b15cb560aaada2df8feb"
            ],
            "markers": "python_version >= '3.8'",
            "version": "==3.0.0"
        },
        "mdit-py-plugins": {
            "hashes": [
                "sha256:0c673c3f889399a33b95e88d2f0d111b4447bdfea7f237dab2d488f459835636",
                "sha256:5f2cd1fdb606ddf152d37ec30e46101a60512bc0e5fa1a7002c36647b09e26b5"
            ],
            "version": "==0.4.2"
        },
        "mdurl": {
            "hashes": [
                "sha256:84008a41e51615a49fc9966191ff91509e3c40b939176e643fd50a5c2196b8f8",
                "sha256:bb413d29f5eea38f31dd4754dd7377d4465116fb207585f97bf925588687c1ba"
            ],
            "markers": "python_version >= '3.7'",
            "version": "==0.1.2"
        },
        "mutmut": {
            "hashes": [
                "sha256:76cfed66dbe4d5502e66583e4e0c6c5bbf07399e20a5ea544d2462837de7bf92",
                "sha256:d9f64a4fc5e4d5c9e9fe73f11c4c54b0939bb84eb2f15a0c4a02f3231b76d622"
            ],
            "index": "pypi",
            "version": "==3.2.1"
        },
        "packaging": {
            "hashes": [
                "sha256:09abb1bccd265c01f4a3aa3f7a7db064b36514d2cba19a2f694fe6150451a759",
                "sha256:c228a6dc5e932d346bc5739379109d49e8853dd8223571c7c5b55260edc0b97f"
            ],
            "markers": "python_version >= '3.8'",
            "version": "==24.2"
        },
        "parso": {
            "hashes": [
                "sha256:a418670a20291dacd2dddc80c377c5c3791378ee1e8d12bffc35420643d43f18",
                "sha256:eb3a7b58240fb99099a345571deecc0f9540ea5f4dd2fe14c2a99d6b281ab92d"
            ],
            "markers": "python_version >= '3.6'",
            "version": "==0.8.4"
        },
        "platformdirs": {
            "hashes": [
                "sha256:357fb2acbc885b0419afd3ce3ed34564c13c9b95c89360cd9563f73aa5e2b907",
                "sha256:73e575e1408ab8103900836b97580d5307456908a03e92031bab39e4554cc3fb"
            ],
            "markers": "python_version >= '3.8'",
            "version": "==4.3.6"
        },
        "pluggy": {
            "hashes": [
                "sha256:2cffa88e94fdc978c4c574f15f9e59b7f4201d439195c3715ca9e2486f1d0cf1",
                "sha256:44e1ad92c8ca002de6377e165f3e0f1be63266ab4d554740532335b9d75ea669"
            ],
            "markers": "python_version >= '3.8'",
            "version": "==1.5.0"
        },
        "pygments": {
            "hashes": [
                "sha256:786ff802f32e91311bff3889f6e9a86e81505fe99f2735bb6d60ae0c5004f199",
                "sha256:b8e6aca0523f3ab76fee51799c488e38782ac06eafcf95e7ba832985c8e7b13a"
            ],
            "markers": "python_version >= '3.8'",
            "version": "==2.18.0"
        },
        "pytest": {
            "hashes": [
                "sha256:70b98107bd648308a7952b06e6ca9a50bc660be218d53c257cc1fc94fda10181",
                "sha256:a6853c7375b2663155079443d2e45de913a911a11d669df02a50814944db57b2"
            ],
            "index": "pypi",
            "markers": "python_version >= '3.8'",
            "version": "==8.3.3"
        },
        "pytest-cov": {
            "hashes": [
                "sha256:eee6f1b9e61008bd34975a4d5bab25801eb31898b032dd55addc93e96fcaaa35",
                "sha256:fde0b595ca248bb8e2d76f020b465f3b107c9632e6a1d1705f17834c89dcadc0"
            ],
            "index": "pypi",
            "markers": "python_version >= '3.9'",
            "version": "==6.0.0"
        },
        "rich": {
            "hashes": [
                "sha256:439594978a49a09530cff7ebc4b5c7103ef57baf48d5ea3184f21d9a2befa098",
                "sha256:6049d5e6ec054bf2779ab3358186963bac2ea89175919d699e378b99738c2a90"
            ],
            "markers": "python_full_version >= '3.8.0'",
            "version": "==13.9.4"
        },
        "setproctitle": {
            "hashes": [
                "sha256:020ea47a79b2bbd7bd7b94b85ca956ba7cb026e82f41b20d2e1dac4008cead25",
                "sha256:02ca3802902d91a89957f79da3ec44b25b5804c88026362cb85eea7c1fbdefd1",
                "sha256:0361428e6378911a378841509c56ba472d991cbed1a7e3078ec0cacc103da44a",
                "sha256:04d6ba8b816dbb0bfd62000b0c3e583160893e6e8c4233e1dca1a9ae4d95d924",
                "sha256:06c16b7a91cdc5d700271899e4383384a61aae83a3d53d0e2e5a266376083342",
                "sha256:0855006261635e8669646c7c304b494b6df0a194d2626683520103153ad63cc9",
                "sha256:091f682809a4d12291cf0205517619d2e7014986b7b00ebecfde3d76f8ae5a8f",
                "sha256:0ad212ae2b03951367a69584af034579b34e1e4199a75d377ef9f8e08ee299b1",
                "sha256:0b19813c852566fa031902124336fa1f080c51e262fc90266a8c3d65ca47b74c",
                "sha256:0b6a4cbabf024cb263a45bdef425760f14470247ff223f0ec51699ca9046c0fe",
                "sha256:0baadeb27f9e97e65922b4151f818b19c311d30b9efdb62af0e53b3db4006ce2",
                "sha256:0f6661a69c68349172ba7b4d5dd65fec2b0917abc99002425ad78c3e58cf7595",
                "sha256:10a78fce9018cc3e9a772b6537bbe3fe92380acf656c9f86db2f45e685af376e",
                "sha256:122c2e05697fa91f5d23f00bbe98a9da1bd457b32529192e934095fadb0853f1",
                "sha256:149fdfb8a26a555780c4ce53c92e6d3c990ef7b30f90a675eca02e83c6d5f76d",
                "sha256:1a2041b5788ce52f218b5be94af458e04470f997ab46fdebd57cf0b8374cc20e",
                "sha256:1a88e466fcaee659679c1d64dcb2eddbcb4bfadffeb68ba834d9c173a25b6184",
                "sha256:1bba0a866f5895d5b769d8c36b161271c7fd407e5065862ab80ff91c29fbe554",
                "sha256:1d2a154b79d5fb42d1eff06e05e22f0e8091261d877dd47b37d31352b74ecc37",
                "sha256:1eb115d53dc2a1299ae72f1119c96a556db36073bacb6da40c47ece5db0d9587",
                "sha256:202eae632815571297833876a0f407d0d9c7ad9d843b38adbe687fe68c5192ee",
                "sha256:24f3c8be826a7d44181eac2269b15b748b76d98cd9a539d4c69f09321dcb5c12",
                "sha256:28b8614de08679ae95bc4e8d6daaef6b61afdf027fa0d23bf13d619000286b3c",
                "sha256:2b0080819859e80a7776ac47cf6accb4b7ad313baf55fabac89c000480dcd103",
                "sha256:2b2ef636a6a25fe7f3d5a064bea0116b74a4c8c7df9646b17dc7386c439a26cf",
                "sha256:2c3b1ce68746557aa6e6f4547e76883925cdc7f8d7c7a9f518acd203f1265ca5",
                "sha256:3058a1bb0c767b3a6ccbb38b27ef870af819923eb732e21e44a3f300370fe159",
                "sha256:30bb223e6c3f95ad9e9bb2a113292759e947d1cfd60dbd4adb55851c370006b2",
                "sha256:317218c9d8b17a010ab2d2f0851e8ef584077a38b1ba2b7c55c9e44e79a61e73",
                "sha256:342570716e2647a51ea859b8a9126da9dc1a96a0153c9c0a3514effd60ab57ad",
                "sha256:3b40d32a3e1f04e94231ed6dfee0da9e43b4f9c6b5450d53e6dd7754c34e0c50",
                "sha256:3e55d7ecc68bdc80de5a553691a3ed260395d5362c19a266cf83cbb4e046551f",
                "sha256:475986ddf6df65d619acd52188336a20f616589403f5a5ceb3fc70cdc137037a",
                "sha256:47669fc8ed8b27baa2d698104732234b5389f6a59c37c046f6bcbf9150f7a94e",
                "sha256:4afcb38e22122465013f4621b7e9ff8d42a7a48ae0ffeb94133a806cb91b4aad",
                "sha256:4ee5b19a2d794463bcc19153dfceede7beec784b4cf7967dec0bc0fc212ab3a3",
                "sha256:5519f2a7b8c535b0f1f77b30441476571373add72008230c81211ee17b423b57",
                "sha256:59e0dda9ad245921af0328035a961767026e1fa94bb65957ab0db0a0491325d6",
                "sha256:5a97d37ee4fe0d1c6e87d2a97229c27a88787a8f4ebfbdeee95f91b818e52efe",
                "sha256:5d758e2eed2643afac5f2881542fbb5aa97640b54be20d0a5ed0691d02f0867d",
                "sha256:5edd01909348f3b0b2da329836d6b5419cd4869fec2e118e8ff3275b38af6267",
                "sha256:5f0521ed3bb9f02e9486573ea95e2062cd6bf036fa44e640bd54a06f22d85f35",
                "sha256:62d66e0423e3bd520b4c897063506b309843a8d07343fbfad04197e91a4edd28",
                "sha256:66821fada6426998762a3650a37fba77e814a249a95b1183011070744aff47f6",
                "sha256:6b17655a5f245b416e127e02087ea6347a48821cc4626bc0fd57101bfcd88afc",
                "sha256:6dc3d656702791565994e64035a208be56b065675a5bc87b644c657d6d9e2232",
                "sha256:6e61dd7d05da11fc69bb86d51f1e0ee08f74dccf3ecf884c94de41135ffdc75d",
                "sha256:726aee40357d4bdb70115442cb85ccc8e8bc554fc0bbbaa3a57cbe81df42287d",
                "sha256:743836d484151334ebba1490d6907ca9e718fe815dcd5756f2a01bc3067d099c",
                "sha256:754bac5e470adac7f7ec2239c485cd0b75f8197ca8a5b86ffb20eb3a3676cc42",
                "sha256:779006f9e1aade9522a40e8d9635115ab15dd82b7af8e655967162e9c01e2573",
                "sha256:8ab9f5b7f2bbc1754bc6292d9a7312071058e5a891b0391e6d13b226133f36aa",
                "sha256:8c52b12b10e4057fc302bd09cb3e3f28bb382c30c044eb3396e805179a8260e4",
                "sha256:90ea8d302a5d30b948451d146e94674a3c5b020cc0ced9a1c28f8ddb0f203a5d",
                "sha256:939d364a187b2adfbf6ae488664277e717d56c7951a4ddeb4f23b281bc50bfe5",
                "sha256:97f1f861998e326e640708488c442519ad69046374b2c3fe9bcc9869b387f23c",
                "sha256:9c76e43cb351ba8887371240b599925cdf3ecececc5dfb7125c71678e7722c55",
                "sha256:9c9d7d1267dee8c6627963d9376efa068858cfc8f573c083b1b6a2d297a8710f",
                "sha256:9f9732e59863eaeedd3feef94b2b216cb86d40dda4fad2d0f0aaec3b31592716",
                "sha256:a166251b8fbc6f2755e2ce9d3c11e9edb0c0c7d2ed723658ff0161fbce26ac1c",
                "sha256:a46ef3ecf61e4840fbc1145fdd38acf158d0da7543eda7b773ed2b30f75c2830",
                "sha256:a65a147f545f3fac86f11acb2d0b316d3e78139a9372317b7eb50561b2817ba0",
                "sha256:abda20aff8d1751e48d7967fa8945fef38536b82366c49be39b83678d4be3893",
                "sha256:acf41cf91bbc5a36d1fa4455a818bb02bf2a4ccfed2f892ba166ba2fcbb0ec8a",
                "sha256:adcd6ba863a315702184d92d3d3bbff290514f24a14695d310f02ae5e28bd1f7",
                "sha256:b3afa5a0ed08a477ded239c05db14c19af585975194a00adf594d48533b23701",
                "sha256:b669aaac70bd9f03c070270b953f78d9ee56c4af6f0ff9f9cd3e6d1878c10b40",
                "sha256:bdaaa81a6e95a0a19fba0285f10577377f3503ae4e9988b403feba79da3e2f80",
                "sha256:cb5fefb53b9d9f334a5d9ec518a36b92a10b936011ac8a6b6dffd60135f16459",
                "sha256:cb8a6a19be0cbf6da6fcbf3698b76c8af03fe83e4bd77c96c3922be3b88bf7da",
                "sha256:ceb3ce3262b0e8e088e4117175591b7a82b3bdc5e52e33b1e74778b5fb53fd38",
                "sha256:d06990dcfcd41bb3543c18dd25c8476fbfe1f236757f42fef560f6aa03ac8dfc",
                "sha256:d6e3b177e634aa6bbbfbf66d097b6d1cdb80fc60e912c7d8bace2e45699c07dd",
                "sha256:db78b645dc63c0ccffca367a498f3b13492fb106a2243a1e998303ba79c996e2",
                "sha256:ded03546938a987f463c68ab98d683af87a83db7ac8093bbc179e77680be5ba2",
                "sha256:e152f4ab9ea1632b5fecdd87cee354f2b2eb6e2dfc3aceb0eb36a01c1e12f94c",
                "sha256:ef133a1a2ee378d549048a12d56f4ef0e2b9113b0b25b6b77821e9af94d50634",
                "sha256:f0f749f07002c2d6fecf37cedc43207a88e6c651926a470a5f229070cf791879",
                "sha256:f7bc7088c15150745baf66db62a4ced4507d44419eb66207b609f91b64a682af",
                "sha256:f859c88193ed466bee4eb9d45fbc29d2253e6aa3ccd9119c9a1d8d95f409a60d",
                "sha256:f963b6ed8ba33eda374a98d979e8a0eaf21f891b6e334701693a2c9510613c4c",
                "sha256:fa5057a86df920faab8ee83960b724bace01a3231eb8e3f2c93d78283504d598",
                "sha256:fb693000b65842c85356b667d057ae0d0bac6519feca7e1c437cc2cfeb0afc59",
                "sha256:fc9d79b1bf833af63b7c720a6604eb16453ac1ad4e718eb8b59d1f97d986b98c",
                "sha256:ffcb09d5c0ffa043254ec9a734a73f3791fec8bf6333592f906bb2e91ed2af1a"
            ],
            "markers": "python_version >= '3.8'",
            "version": "==1.3.4"
        },
        "six": {
            "hashes": [
                "sha256:1e61c37477a1626458e36f7b1d82aa5c9b094fa4802892072e49de9c60c4c926",
                "sha256:8abb2f1d86890a2dfb989f9a77cfcfd3e47c2a354b01111771326f8aa26e0254"
            ],
            "markers": "python_version >= '2.7' and python_version not in '3.0, 3.1, 3.2, 3.3'",
            "version": "==1.16.0"
        },
        "textual": {
            "hashes": [
                "sha256:3c4d68612243af351e8b2d3dabe44d3cf87624624d7ea657f4d718853206188f",
                "sha256:ffe85bc749de7d71e0e048af301b6027abfca8942263ffb680620261cd1baa6f"
            ],
            "markers": "python_full_version >= '3.8.1' and python_full_version < '4.0.0'",
            "version": "==0.86.3"
        },
        "typing-extensions": {
            "hashes": [
                "sha256:04e5ca0351e0f3f85c6853954072df659d0d13fac324d0072316b67d7794700d",
                "sha256:1a7ead55c7e559dd4dee8856e3a88b41225abfe1ce8df57b7c13915fe121ffb8"
            ],
            "markers": "python_version >= '3.8'",
            "version": "==4.12.2"
        },
        "uc-micro-py": {
            "hashes": [
                "sha256:d321b92cff673ec58027c04015fcaa8bb1e005478643ff4a500882eaab88c48a",
                "sha256:db1dffff340817673d7b466ec86114a9dc0e9d4d9b5ba229d9d60e5c12600cd5"
            ],
            "markers": "python_version >= '3.7'",
            "version": "==1.0.3"
        }
    },
    "develop": {}
}
